
Microsoft Visual Studio Solution File, Format Version 12.00
Project("{2150E333-8FDC-42A3-9474-1A3956D46DE8}") = "Deploy", "Deploy", "{6D48DAFE-1300-4789-B904-31BBC97E9525}"
EndProject
Project("{2150E333-8FDC-42A3-9474-1A3956D46DE8}") = "Src", "Src", "{8136EF4F-3395-4C67-B87C-BA28839DC43A}"
EndProject
Project("{2150E333-8FDC-42A3-9474-1A3956D46DE8}") = "Core", "Core", "{5D874783-6248-4955-8F00-4A593FBB3CE7}"
EndProject
Project("{2150E333-8FDC-42A3-9474-1A3956D46DE8}") = "External", "External", "{0A22B19D-6046-40EF-913E-9FA564B4093C}"
EndProject
Project("{FAE04EC0-301F-11D3-BF4B-00C04F79EFBC}") = "Application", "Application\Application.csproj", "{C606AE50-76E5-45A3-88A0-20611050D336}"
EndProject
Project("{FAE04EC0-301F-11D3-BF4B-00C04F79EFBC}") = "Domain", "Domain\Domain.csproj", "{42E4F86B-EB67-434E-801B-FB2A55B04500}"
EndProject
Project("{FAE04EC0-301F-11D3-BF4B-00C04F79EFBC}") = "Presentation", "Presentation\Presentation.csproj", "{961502BB-D6A2-4374-A8D2-771BB54BBD96}"
EndProject
Project("{FAE04EC0-301F-11D3-BF4B-00C04F79EFBC}") = "Infrastructure", "Infrastructure\Infrastructure.csproj", "{4C78D1A4-2FEE-4BD8-9FF9-3C18C19EB695}"
EndProject
Global
	GlobalSection(SolutionConfigurationPlatforms) = preSolution
		Debug|Any CPU = Debug|Any CPU
		Release|Any CPU = Release|Any CPU
	EndGlobalSection
	GlobalSection(NestedProjects) = preSolution
		{5D874783-6248-4955-8F00-4A593FBB3CE7} = {8136EF4F-3395-4C67-B87C-BA28839DC43A}
		{0A22B19D-6046-40EF-913E-9FA564B4093C} = {8136EF4F-3395-4C67-B87C-BA28839DC43A}
		{C606AE50-76E5-45A3-88A0-20611050D336} = {5D874783-6248-4955-8F00-4A593FBB3CE7}
		{42E4F86B-EB67-434E-801B-FB2A55B04500} = {5D874783-6248-4955-8F00-4A593FBB3CE7}
		{961502BB-D6A2-4374-A8D2-771BB54BBD96} = {0A22B19D-6046-40EF-913E-9FA564B4093C}
		{4C78D1A4-2FEE-4BD8-9FF9-3C18C19EB695} = {0A22B19D-6046-40EF-913E-9FA564B4093C}
	EndGlobalSection
	GlobalSection(ProjectConfigurationPlatforms) = postSolution
		{C606AE50-76E5-45A3-88A0-20611050D336}.Debug|Any CPU.ActiveCfg = Debug|Any CPU
		{C606AE50-76E5-45A3-88A0-20611050D336}.Debug|Any CPU.Build.0 = Debug|Any CPU
		{C606AE50-76E5-45A3-88A0-20611050D336}.Release|Any CPU.ActiveCfg = Release|Any CPU
		{C606AE50-76E5-45A3-88A0-20611050D336}.Release|Any CPU.Build.0 = Release|Any CPU
		{42E4F86B-EB67-434E-801B-FB2A55B04500}.Debug|Any CPU.ActiveCfg = Debug|Any CPU
		{42E4F86B-EB67-434E-801B-FB2A55B04500}.Debug|Any CPU.Build.0 = Debug|Any CPU
		{42E4F86B-EB67-434E-801B-FB2A55B04500}.Release|Any CPU.ActiveCfg = Release|Any CPU
		{42E4F86B-EB67-434E-801B-FB2A55B04500}.Release|Any CPU.Build.0 = Release|Any CPU
		{961502BB-D6A2-4374-A8D2-771BB54BBD96}.Debug|Any CPU.ActiveCfg = Debug|Any CPU
		{961502BB-D6A2-4374-A8D2-771BB54BBD96}.Debug|Any CPU.Build.0 = Debug|Any CPU
		{961502BB-D6A2-4374-A8D2-771BB54BBD96}.Release|Any CPU.ActiveCfg = Release|Any CPU
		{961502BB-D6A2-4374-A8D2-771BB54BBD96}.Release|Any CPU.Build.0 = Release|Any CPU
		{4C78D1A4-2FEE-4BD8-9FF9-3C18C19EB695}.Debug|Any CPU.ActiveCfg = Debug|Any CPU
		{4C78D1A4-2FEE-4BD8-9FF9-3C18C19EB695}.Debug|Any CPU.Build.0 = Debug|Any CPU
		{4C78D1A4-2FEE-4BD8-9FF9-3C18C19EB695}.Release|Any CPU.ActiveCfg = Release|Any CPU
		{4C78D1A4-2FEE-4BD8-9FF9-3C18C19EB695}.Release|Any CPU.Build.0 = Release|Any CPU
	EndGlobalSection
EndGlobal
