
Microsoft Visual Studio Solution File, Format Version 12.00
Project("{2150E333-8FDC-42A3-9474-1A3956D46DE8}") = "Deploy", "Deploy", "{1542F201-F708-41A2-A344-0EB7FD239206}"
EndProject
Project("{2150E333-8FDC-42A3-9474-1A3956D46DE8}") = "src", "src", "{398C3D01-E374-49E1-8D91-4F38324EA807}"
EndProject
Project("{2150E333-8FDC-42A3-9474-1A3956D46DE8}") = "Core", "Core", "{16EA302D-37FD-477C-8E5E-9DBEC48FEEB4}"
EndProject
Project("{2150E333-8FDC-42A3-9474-1A3956D46DE8}") = "External", "External", "{0F805A54-8141-4270-B02E-1E7FDB2F0DCB}"
EndProject
Project("{FAE04EC0-301F-11D3-BF4B-00C04F79EFBC}") = "Domain", "Domain\Domain.csproj", "{7C930EFF-BE6E-4813-B27A-8618F409ED03}"
EndProject
Project("{FAE04EC0-301F-11D3-BF4B-00C04F79EFBC}") = "Application", "Application\Application.csproj", "{0DB6F325-3C0F-4789-95A5-80F4F33529B7}"
EndProject
Project("{FAE04EC0-301F-11D3-BF4B-00C04F79EFBC}") = "Infrastructure", "Infrastructure\Infrastructure.csproj", "{F468F3EB-AE77-4722-ACD5-A05C98EFCB89}"
EndProject
Project("{FAE04EC0-301F-11D3-BF4B-00C04F79EFBC}") = "Presentation", "Presentation\Presentation.csproj", "{4AE3E425-21C1-43C0-8A31-8E1E963C395F}"
EndProject
Global
	GlobalSection(SolutionConfigurationPlatforms) = preSolution
		Debug|Any CPU = Debug|Any CPU
		Release|Any CPU = Release|Any CPU
	EndGlobalSection
	GlobalSection(NestedProjects) = preSolution
		{16EA302D-37FD-477C-8E5E-9DBEC48FEEB4} = {398C3D01-E374-49E1-8D91-4F38324EA807}
		{0F805A54-8141-4270-B02E-1E7FDB2F0DCB} = {398C3D01-E374-49E1-8D91-4F38324EA807}
		{7C930EFF-BE6E-4813-B27A-8618F409ED03} = {16EA302D-37FD-477C-8E5E-9DBEC48FEEB4}
		{0DB6F325-3C0F-4789-95A5-80F4F33529B7} = {16EA302D-37FD-477C-8E5E-9DBEC48FEEB4}
		{F468F3EB-AE77-4722-ACD5-A05C98EFCB89} = {0F805A54-8141-4270-B02E-1E7FDB2F0DCB}
		{4AE3E425-21C1-43C0-8A31-8E1E963C395F} = {0F805A54-8141-4270-B02E-1E7FDB2F0DCB}
	EndGlobalSection
	GlobalSection(ProjectConfigurationPlatforms) = postSolution
		{7C930EFF-BE6E-4813-B27A-8618F409ED03}.Debug|Any CPU.ActiveCfg = Debug|Any CPU
		{7C930EFF-BE6E-4813-B27A-8618F409ED03}.Debug|Any CPU.Build.0 = Debug|Any CPU
		{7C930EFF-BE6E-4813-B27A-8618F409ED03}.Release|Any CPU.ActiveCfg = Release|Any CPU
		{7C930EFF-BE6E-4813-B27A-8618F409ED03}.Release|Any CPU.Build.0 = Release|Any CPU
		{0DB6F325-3C0F-4789-95A5-80F4F33529B7}.Debug|Any CPU.ActiveCfg = Debug|Any CPU
		{0DB6F325-3C0F-4789-95A5-80F4F33529B7}.Debug|Any CPU.Build.0 = Debug|Any CPU
		{0DB6F325-3C0F-4789-95A5-80F4F33529B7}.Release|Any CPU.ActiveCfg = Release|Any CPU
		{0DB6F325-3C0F-4789-95A5-80F4F33529B7}.Release|Any CPU.Build.0 = Release|Any CPU
		{F468F3EB-AE77-4722-ACD5-A05C98EFCB89}.Debug|Any CPU.ActiveCfg = Debug|Any CPU
		{F468F3EB-AE77-4722-ACD5-A05C98EFCB89}.Debug|Any CPU.Build.0 = Debug|Any CPU
		{F468F3EB-AE77-4722-ACD5-A05C98EFCB89}.Release|Any CPU.ActiveCfg = Release|Any CPU
		{F468F3EB-AE77-4722-ACD5-A05C98EFCB89}.Release|Any CPU.Build.0 = Release|Any CPU
		{4AE3E425-21C1-43C0-8A31-8E1E963C395F}.Debug|Any CPU.ActiveCfg = Debug|Any CPU
		{4AE3E425-21C1-43C0-8A31-8E1E963C395F}.Debug|Any CPU.Build.0 = Debug|Any CPU
		{4AE3E425-21C1-43C0-8A31-8E1E963C395F}.Release|Any CPU.ActiveCfg = Release|Any CPU
		{4AE3E425-21C1-43C0-8A31-8E1E963C395F}.Release|Any CPU.Build.0 = Release|Any CPU
	EndGlobalSection
EndGlobal
